
Microsoft Visual Studio Solution File, Format Version 12.00
# Visual Studio Version 16
VisualStudioVersion = 16.0.30907.101
MinimumVisualStudioVersion = 10.0.40219.1
Project("{8BC9CEB8-8B4A-11D0-8D11-00A0C91BC942}") = "WinSU", "WinSU\WinSU.vcxproj", "{61A37645-3D1A-40C4-A20A-DE2810FD2F32}"
EndProject
Global
	GlobalSection(SolutionConfigurationPlatforms) = preSolution
		Debug|x64 = Debug|x64
		Debug|x86 = Debug|x86
		Release|x64 = Release|x64
		Release|x86 = Release|x86
	EndGlobalSection
	GlobalSection(ProjectConfigurationPlatforms) = postSolution
		{61A37645-3D1A-40C4-A20A-DE2810FD2F32}.Debug|x64.ActiveCfg = Debug|x64
		{61A37645-3D1A-40C4-A20A-DE2810FD2F32}.Debug|x64.Build.0 = Debug|x64
		{61A37645-3D1A-40C4-A20A-DE2810FD2F32}.Debug|x86.ActiveCfg = Debug|Win32
		{61A37645-3D1A-40C4-A20A-DE2810FD2F32}.Debug|x86.Build.0 = Debug|Win32
		{61A37645-3D1A-40C4-A20A-DE2810FD2F32}.Release|x64.ActiveCfg = Release|x64
		{61A37645-3D1A-40C4-A20A-DE2810FD2F32}.Release|x64.Build.0 = Release|x64
		{61A37645-3D1A-40C4-A20A-DE2810FD2F32}.Release|x86.ActiveCfg = Release|Win32
		{61A37645-3D1A-40C4-A20A-DE2810FD2F32}.Release|x86.Build.0 = Release|Win32
	EndGlobalSection
	GlobalSection(SolutionProperties) = preSolution
		HideSolutionNode = FALSE
	EndGlobalSection
	GlobalSection(ExtensibilityGlobals) = postSolution
		SolutionGuid = {23A4009E-7C38-450E-AD37-09D337A133AC}
	EndGlobalSection
EndGlobal
